<?xml version="1.0"?>
<CONFIG>
  <ProjectOptions>
    <PathDelim Value="\"/>
    <Version Value="7"/>
    <General>
      <Flags>
        <LRSInOutputDirectory Value="False"/>
      </Flags>
      <MainUnit Value="0"/>
      <TargetFileExt Value=".exe"/>
      <ActiveEditorIndexAtStart Value="1"/>
    </General>
    <VersionInfo>
      <ProjectVersion Value=""/>
    </VersionInfo>
    <PublishOptions>
      <Version Value="2"/>
      <DestinationDirectory Value="$(TestDir)\publishedproject\"/>
      <IgnoreBinaries Value="False"/>
      <IncludeFileFilter Value="*.(pas|pp|inc|lfm|lpr|lrs|lpi|lpk|sh|xml)"/>
      <ExcludeFileFilter Value="*.(bak|ppu|ppw|o|so);*~;backup"/>
    </PublishOptions>
    <RunParams>
      <local>
        <FormatVersion Value="1"/>
        <LaunchingApplication PathPlusParams="\usr\X11R6\bin\xterm -T 'Lazarus Run Output' -e $(LazarusDir)\tools\runwait.sh $(TargetCmdLine)"/>
      </local>
    </RunParams>
    <RequiredPackages Count="3">
      <Item1>
        <PackageName Value="SynEdit"/>
        <MinVersion Major="1" Valid="True"/>
      </Item1>
      <Item2>
        <PackageName Value="LCL"/>
      </Item2>
      <Item3>
        <PackageName Value="FCL"/>
        <MinVersion Major="1" Valid="True"/>
      </Item3>
    </RequiredPackages>
    <Units Count="54">
      <Unit0>
        <Filename Value="vsgui.lpr"/>
        <IsPartOfProject Value="True"/>
        <UnitName Value="vsgui"/>
        <CursorPos X="83" Y="24"/>
        <TopLine Value="1"/>
        <EditorIndex Value="2"/>
        <UsageCount Value="179"/>
        <Loaded Value="True"/>
      </Unit0>
      <Unit1>
        <Filename Value="main.pas"/>
        <ComponentName Value="FormMain"/>
        <IsPartOfProject Value="True"/>
        <ResourceBaseClass Value="Form"/>
        <UnitName Value="main"/>
        <CursorPos X="20" Y="787"/>
        <TopLine Value="765"/>
        <EditorIndex Value="0"/>
        <UsageCount Value="179"/>
        <Loaded Value="True"/>
      </Unit1>
      <Unit2>
        <Filename Value="cli_caller.pas"/>
        <IsPartOfProject Value="True"/>
        <UnitName Value="cli_caller"/>
        <CursorPos X="29" Y="76"/>
        <TopLine Value="59"/>
        <UsageCount Value="175"/>
      </Unit2>
      <Unit3>
        <Filename Value="D:\ProfessionalTools\lazarus\fpc\2.2.0\source\rtl\inc\objpash.inc"/>
        <CursorPos X="8" Y="142"/>
        <TopLine Value="127"/>
        <UsageCount Value="2"/>
      </Unit3>
      <Unit4>
        <Filename Value="D:\ProfessionalTools\lazarus\fpc\2.2.0\source\rtl\win32\classes.pp"/>
        <UnitName Value="Classes"/>
        <CursorPos X="1" Y="1"/>
        <TopLine Value="1"/>
        <UsageCount Value="2"/>
      </Unit4>
      <Unit5>
        <Filename Value="D:\ProfessionalTools\lazarus\fpc\2.2.0\source\rtl\win\sysutils.pp"/>
        <UnitName Value="sysutils"/>
        <CursorPos X="1" Y="1"/>
        <TopLine Value="55"/>
        <UsageCount Value="2"/>
      </Unit5>
      <Unit6>
        <Filename Value="D:\ProfessionalTools\lazarus\lcl\forms.pp"/>
        <UnitName Value="Forms"/>
        <CursorPos X="14" Y="527"/>
        <TopLine Value="510"/>
        <UsageCount Value="10"/>
      </Unit6>
      <Unit7>
        <Filename Value="D:\ProfessionalTools\lazarus\lcl\stdctrls.pp"/>
        <UnitName Value="StdCtrls"/>
        <CursorPos X="15" Y="346"/>
        <TopLine Value="324"/>
        <UsageCount Value="5"/>
      </Unit7>
      <Unit8>
        <Filename Value="D:\ProfessionalTools\lazarus\fpc\2.2.0\source\rtl\objpas\sysutils\sysstrh.inc"/>
        <CursorPos X="20" Y="68"/>
        <TopLine Value="1"/>
        <UsageCount Value="2"/>
      </Unit8>
      <Unit9>
        <Filename Value="D:\ProfessionalTools\lazarus\lcl\include\customform.inc"/>
        <CursorPos X="40" Y="650"/>
        <TopLine Value="621"/>
        <UsageCount Value="4"/>
      </Unit9>
      <Unit10>
        <Filename Value="D:\ProfessionalTools\lazarus\lcl\dialogs.pp"/>
        <UnitName Value="Dialogs"/>
        <CursorPos X="34" Y="38"/>
        <TopLine Value="10"/>
        <UsageCount Value="11"/>
      </Unit10>
      <Unit11>
        <Filename Value="D:\ProfessionalTools\lazarus\lcl\interfaces\win32\win32listsl.inc"/>
        <CursorPos X="1" Y="172"/>
        <TopLine Value="150"/>
        <UsageCount Value="4"/>
      </Unit11>
      <Unit12>
        <Filename Value="D:\ProfessionalTools\lazarus\fpc\2.2.0\source\packages\fcl-base\src\inc\process.pp"/>
        <UnitName Value="process"/>
        <CursorPos X="32" Y="25"/>
        <TopLine Value="3"/>
        <UsageCount Value="6"/>
      </Unit12>
      <Unit13>
        <Filename Value="D:\ProfessionalTools\lazarus\fpc\2.2.0\source\packages\fcl-base\src\inc\pipes.pp"/>
        <UnitName Value="Pipes"/>
        <CursorPos X="66" Y="41"/>
        <TopLine Value="19"/>
        <UsageCount Value="6"/>
      </Unit13>
      <Unit14>
        <Filename Value="D:\ProfessionalTools\lazarus\lcl\interfaces\win32\interfaces.pp"/>
        <UnitName Value="Interfaces"/>
        <CursorPos X="1" Y="1"/>
        <TopLine Value="1"/>
        <UsageCount Value="4"/>
      </Unit14>
      <Unit15>
        <Filename Value="D:\ProfessionalTools\lazarus\lcl\comctrls.pp"/>
        <UnitName Value="ComCtrls"/>
        <CursorPos X="14" Y="244"/>
        <TopLine Value="2380"/>
        <UsageCount Value="4"/>
      </Unit15>
      <Unit16>
        <Filename Value="D:\ProfessionalTools\lazarus\lcl\controls.pp"/>
        <UnitName Value="Controls"/>
        <CursorPos X="12" Y="2764"/>
        <TopLine Value="2742"/>
        <UsageCount Value="4"/>
      </Unit16>
      <Unit17>
        <Filename Value="D:\ProfessionalTools\lazarus\components\printers\design\sourceprinter.pas"/>
        <UnitName Value="SourcePrinter"/>
        <CursorPos X="3" Y="103"/>
        <TopLine Value="81"/>
        <UsageCount Value="4"/>
      </Unit17>
      <Unit18>
        <Filename Value="D:\ProfessionalTools\lazarus\fpc\2.2.0\source\rtl\objpas\sysutils\filutilh.inc"/>
        <CursorPos X="10" Y="84"/>
        <TopLine Value="58"/>
        <UsageCount Value="4"/>
      </Unit18>
      <Unit19>
        <Filename Value="hexeditor.pas"/>
        <ComponentName Value="FormHexEditor"/>
        <IsPartOfProject Value="True"/>
        <ResourceBaseClass Value="Form"/>
        <UnitName Value="hexeditor"/>
        <CursorPos X="21" Y="9"/>
        <TopLine Value="1"/>
        <UsageCount Value="130"/>
      </Unit19>
      <Unit20>
        <Filename Value="checkeditor.pas"/>
        <ComponentName Value="FormCheckEditor"/>
        <IsPartOfProject Value="True"/>
        <ResourceBaseClass Value="Form"/>
        <UnitName Value="fleditor"/>
        <CursorPos X="10" Y="14"/>
        <TopLine Value="1"/>
        <UsageCount Value="130"/>
      </Unit20>
      <Unit21>
        <Filename Value="D:\ProfessionalTools\lazarus\lazarus\lcl\include\customform.inc"/>
        <CursorPos X="1" Y="1329"/>
        <TopLine Value="1305"/>
        <UsageCount Value="7"/>
      </Unit21>
      <Unit22>
        <Filename Value="D:\ProfessionalTools\lazarus\lazarus\lcl\include\control.inc"/>
        <CursorPos X="1" Y="3056"/>
        <TopLine Value="3026"/>
        <UsageCount Value="7"/>
      </Unit22>
      <Unit23>
        <Filename Value="D:\ProfessionalTools\lazarus\lazarus\lcl\include\scrollingwincontrol.inc"/>
        <CursorPos X="1" Y="76"/>
        <TopLine Value="52"/>
        <UsageCount Value="7"/>
      </Unit23>
      <Unit24>
        <Filename Value="D:\ProfessionalTools\lazarus\lazarus\lcl\include\wincontrol.inc"/>
        <CursorPos X="1" Y="7083"/>
        <TopLine Value="7053"/>
        <UsageCount Value="7"/>
      </Unit24>
      <Unit25>
        <Filename Value="D:\ProfessionalTools\lazarus\lazarus\lcl\include\application.inc"/>
        <CursorPos X="1" Y="1083"/>
        <TopLine Value="1059"/>
        <UsageCount Value="7"/>
      </Unit25>
      <Unit26>
        <Filename Value="D:\ProfessionalTools\lazarus\lazarus\lcl\forms.pp"/>
        <UnitName Value="Forms"/>
        <CursorPos X="14" Y="527"/>
        <TopLine Value="503"/>
        <UsageCount Value="13"/>
      </Unit26>
      <Unit27>
        <Filename Value="D:\ProfessionalTools\lazarus\lazarus\fpc\2.2.2\source\rtl\inc\wstringh.inc"/>
        <CursorPos X="10" Y="88"/>
        <TopLine Value="56"/>
        <UsageCount Value="6"/>
      </Unit27>
      <Unit28>
        <Filename Value="D:\ProfessionalTools\lazarus\lazarus\lcl\interfaces\win32\win32int.pp"/>
        <UnitName Value="Win32Int"/>
        <CursorPos X="26" Y="27"/>
        <TopLine Value="3"/>
        <UsageCount Value="6"/>
      </Unit28>
      <Unit29>
        <Filename Value="D:\ProfessionalTools\lazarus\lazarus\lcl\include\customnotebook.inc"/>
        <CursorPos X="1" Y="335"/>
        <TopLine Value="305"/>
        <UsageCount Value="7"/>
      </Unit29>
      <Unit30>
        <Filename Value="D:\ProfessionalTools\lazarus\lazarus\lcl\lclproc.pas"/>
        <UnitName Value="LCLProc"/>
        <CursorPos X="1" Y="1789"/>
        <TopLine Value="1759"/>
        <UsageCount Value="7"/>
      </Unit30>
      <Unit31>
        <Filename Value="D:\ProfessionalTools\lazarus\lazarus\lcl\dialogs.pp"/>
        <UnitName Value="Dialogs"/>
        <CursorPos X="10" Y="479"/>
        <TopLine Value="455"/>
        <UsageCount Value="7"/>
      </Unit31>
      <Unit32>
        <Filename Value="D:\ProfessionalTools\lazarus\lazarus\fpc\2.2.2\source\rtl\objpas\sysutils\filutilh.inc"/>
        <CursorPos X="19" Y="86"/>
        <TopLine Value="54"/>
        <UsageCount Value="6"/>
      </Unit32>
      <Unit33>
        <Filename Value="synafpc.pas"/>
        <UnitName Value="synafpc"/>
        <CursorPos X="28" Y="74"/>
        <TopLine Value="44"/>
        <UsageCount Value="7"/>
      </Unit33>
      <Unit34>
        <Filename Value="D:\ProfessionalTools\lazarus\lazarus\fpc\2.2.2\source\rtl\inc\dynlibs.pas"/>
        <UnitName Value="dynlibs"/>
        <CursorPos X="49" Y="85"/>
        <TopLine Value="1"/>
        <UsageCount Value="6"/>
      </Unit34>
      <Unit35>
        <Filename Value="D:\ProfessionalTools\lazarus\lazarus\fpc\2.2.2\source\rtl\win\dynlibs.inc"/>
        <CursorPos X="88" Y="34"/>
        <TopLine Value="1"/>
        <UsageCount Value="6"/>
      </Unit35>
      <Unit36>
        <Filename Value="synaser.pas"/>
        <UnitName Value="synaser"/>
        <CursorPos X="62" Y="1423"/>
        <TopLine Value="1398"/>
        <UsageCount Value="10"/>
      </Unit36>
      <Unit37>
        <Filename Value="D:\ProfessionalTools\lazarus\lazarus\ide\lazarus.pp"/>
        <UnitName Value="Lazarus"/>
        <CursorPos X="1" Y="123"/>
        <TopLine Value="76"/>
        <UsageCount Value="6"/>
      </Unit37>
      <Unit38>
        <Filename Value="C:\Documents and Settings\Administrator\桌面\hexedit\vcl\Delphi-7\MPHexEditor_D7.pas"/>
        <UnitName Value="MPHexEditor_D7"/>
        <CursorPos X="1" Y="1"/>
        <TopLine Value="1"/>
        <UsageCount Value="6"/>
      </Unit38>
      <Unit39>
        <Filename Value="E:\hexedit\vcl\mphexeditor.pas"/>
        <UnitName Value="MPHexEditor"/>
        <CursorPos X="7" Y="314"/>
        <TopLine Value="290"/>
        <UsageCount Value="6"/>
      </Unit39>
      <Unit40>
        <Filename Value="D:\ProfessionalTools\lazarus\lazarus\lcl\graphics.pp"/>
        <UnitName Value="Graphics"/>
        <CursorPos X="9" Y="1"/>
        <TopLine Value="1"/>
        <UsageCount Value="6"/>
      </Unit40>
      <Unit41>
        <Filename Value="D:\ProfessionalTools\lazarus\lazarus\fpc\2.2.2\source\rtl\win32\classes.pp"/>
        <UnitName Value="Classes"/>
        <CursorPos X="1" Y="1"/>
        <TopLine Value="1"/>
        <UsageCount Value="6"/>
      </Unit41>
      <Unit42>
        <Filename Value="vsgui.lpi"/>
        <CursorPos X="1" Y="1"/>
        <TopLine Value="1"/>
        <UsageCount Value="6"/>
        <SyntaxHighlighter Value="XML"/>
      </Unit42>
      <Unit43>
        <Filename Value="D:\ProfessionalTools\lazarus\lazarus\fpc\2.2.2\source\packages\fcl-base\src\custapp.pp"/>
        <UnitName Value="CustApp"/>
        <CursorPos X="14" Y="74"/>
        <TopLine Value="50"/>
        <UsageCount Value="6"/>
      </Unit43>
      <Unit44>
        <Filename Value="D:\ProfessionalTools\lazarus\lazarus\fpc\2.2.2\source\rtl\objpas\classes\classesh.inc"/>
        <CursorPos X="37" Y="554"/>
        <TopLine Value="530"/>
        <UsageCount Value="10"/>
      </Unit44>
      <Unit45>
        <Filename Value="D:\ProfessionalTools\lazarus\lazarus\fpc\2.2.2\source\rtl\objpas\sysutils\finah.inc"/>
        <CursorPos X="24" Y="27"/>
        <TopLine Value="1"/>
        <UsageCount Value="6"/>
      </Unit45>
      <Unit46>
        <Filename Value="com_setup.pas"/>
        <ComponentName Value="FormComSetup"/>
        <IsPartOfProject Value="True"/>
        <ResourceBaseClass Value="Form"/>
        <UnitName Value="com_setup"/>
        <CursorPos X="1" Y="135"/>
        <TopLine Value="135"/>
        <UsageCount Value="71"/>
      </Unit46>
      <Unit47>
        <Filename Value="com_setup.lfm"/>
        <CursorPos X="1" Y="1"/>
        <TopLine Value="1"/>
        <UsageCount Value="7"/>
        <SyntaxHighlighter Value="LFM"/>
      </Unit47>
      <Unit48>
        <Filename Value="D:\ProfessionalTools\lazarus\lazarus\lcl\include\pagecontrol.inc"/>
        <CursorPos X="1" Y="53"/>
        <TopLine Value="23"/>
        <UsageCount Value="7"/>
      </Unit48>
      <Unit49>
        <Filename Value="D:\ProfessionalTools\lazarus\fpc\2.2.2\source\rtl\inc\wstringh.inc"/>
        <CursorPos X="20" Y="87"/>
        <TopLine Value="1"/>
        <UsageCount Value="9"/>
      </Unit49>
      <Unit50>
        <Filename Value="fleditor.pas"/>
        <UnitName Value="fleditor"/>
        <CursorPos X="1" Y="1"/>
        <TopLine Value="1"/>
        <UsageCount Value="8"/>
      </Unit50>
      <Unit51>
        <Filename Value="parameditor.pas"/>
        <ComponentName Value="FormParaEditor"/>
        <IsPartOfProject Value="True"/>
        <ResourceBaseClass Value="Form"/>
        <UnitName Value="parameditor"/>
        <CursorPos X="4" Y="365"/>
        <TopLine Value="349"/>
        <EditorIndex Value="1"/>
        <UsageCount Value="44"/>
        <Loaded Value="True"/>
      </Unit51>
      <Unit52>
        <Filename Value="D:\ProfessionalTools\lazarus\fpc\2.2.2\source\rtl\objpas\sysutils\sysstrh.inc"/>
        <CursorPos X="18" Y="108"/>
        <TopLine Value="83"/>
        <UsageCount Value="9"/>
      </Unit52>
      <Unit53>
        <Filename Value="D:\ProfessionalTools\lazarus\fpc\2.2.2\source\rtl\inc\systemh.inc"/>
        <CursorPos X="11" Y="467"/>
        <TopLine Value="445"/>
        <UsageCount Value="9"/>
      </Unit53>
    </Units>
    <JumpHistory Count="30" HistoryIndex="29">
      <Position1>
        <Filename Value="parameditor.pas"/>
        <Caret Line="148" Column="38" TopLine="145"/>
      </Position1>
      <Position2>
        <Filename Value="parameditor.pas"/>
        <Caret Line="334" Column="17" TopLine="286"/>
      </Position2>
      <Position3>
        <Filename Value="parameditor.pas"/>
        <Caret Line="310" Column="52" TopLine="286"/>
      </Position3>
      <Position4>
        <Filename Value="parameditor.pas"/>
        <Caret Line="46" Column="5" TopLine="45"/>
      </Position4>
      <Position5>
        <Filename Value="parameditor.pas"/>
        <Caret Line="143" Column="5" TopLine="143"/>
      </Position5>
      <Position6>
        <Filename Value="parameditor.pas"/>
        <Caret Line="37" Column="78" TopLine="30"/>
      </Position6>
      <Position7>
        <Filename Value="parameditor.pas"/>
        <Caret Line="44" Column="28" TopLine="37"/>
      </Position7>
      <Position8>
        <Filename Value="parameditor.pas"/>
        <Caret Line="310" Column="49" TopLine="307"/>
      </Position8>
      <Position9>
        <Filename Value="parameditor.pas"/>
        <Caret Line="322" Column="49" TopLine="307"/>
      </Position9>
      <Position10>
        <Filename Value="parameditor.pas"/>
        <Caret Line="310" Column="36" TopLine="307"/>
      </Position10>
      <Position11>
        <Filename Value="parameditor.pas"/>
        <Caret Line="129" Column="53" TopLine="112"/>
      </Position11>
      <Position12>
        <Filename Value="parameditor.pas"/>
        <Caret Line="134" Column="84" TopLine="112"/>
      </Position12>
      <Position13>
        <Filename Value="parameditor.pas"/>
        <Caret Line="138" Column="61" TopLine="128"/>
      </Position13>
      <Position14>
        <Filename Value="parameditor.pas"/>
        <Caret Line="311" Column="26" TopLine="283"/>
      </Position14>
      <Position15>
        <Filename Value="parameditor.pas"/>
        <Caret Line="325" Column="26" TopLine="283"/>
      </Position15>
      <Position16>
        <Filename Value="parameditor.pas"/>
        <Caret Line="311" Column="23" TopLine="283"/>
      </Position16>
      <Position17>
        <Filename Value="parameditor.pas"/>
        <Caret Line="140" Column="28" TopLine="106"/>
      </Position17>
      <Position18>
        <Filename Value="parameditor.pas"/>
        <Caret Line="46" Column="5" TopLine="45"/>
      </Position18>
      <Position19>
        <Filename Value="parameditor.pas"/>
        <Caret Line="163" Column="12" TopLine="148"/>
      </Position19>
      <Position20>
        <Filename Value="parameditor.pas"/>
        <Caret Line="160" Column="1" TopLine="159"/>
      </Position20>
      <Position21>
        <Filename Value="parameditor.pas"/>
        <Caret Line="46" Column="69" TopLine="41"/>
      </Position21>
      <Position22>
        <Filename Value="parameditor.pas"/>
        <Caret Line="55" Column="21" TopLine="34"/>
      </Position22>
      <Position23>
        <Filename Value="parameditor.pas"/>
        <Caret Line="353" Column="17" TopLine="299"/>
      </Position23>
      <Position24>
        <Filename Value="parameditor.pas"/>
        <Caret Line="215" Column="28" TopLine="156"/>
      </Position24>
      <Position25>
        <Filename Value="parameditor.pas"/>
        <Caret Line="330" Column="49" TopLine="302"/>
      </Position25>
      <Position26>
        <Filename Value="parameditor.pas"/>
        <Caret Line="343" Column="25" TopLine="302"/>
      </Position26>
      <Position27>
        <Filename Value="parameditor.pas"/>
        <Caret Line="330" Column="25" TopLine="302"/>
      </Position27>
      <Position28>
        <Filename Value="parameditor.pas"/>
        <Caret Line="104" Column="56" TopLine="100"/>
      </Position28>
      <Position29>
        <Filename Value="parameditor.pas"/>
        <Caret Line="337" Column="34" TopLine="330"/>
      </Position29>
      <Position30>
        <Filename Value="vsgui.lpr"/>
        <Caret Line="24" Column="88" TopLine="1"/>
      </Position30>
    </JumpHistory>
  </ProjectOptions>
  <CompilerOptions>
    <Version Value="8"/>
    <PathDelim Value="\"/>
    <SearchPaths>
      <OtherUnitFiles Value="E:\hexedit\vcl\Delphi-6\"/>
    </SearchPaths>
    <Parsing>
      <SyntaxOptions>
        <CStyleOperator Value="False"/>
        <AllowLabel Value="False"/>
        <CPPInline Value="False"/>
      </SyntaxOptions>
    </Parsing>
    <CodeGeneration>
      <SmartLinkUnit Value="True"/>
      <SmallerCode Value="True"/>
      <Optimizations>
        <OptimizationLevel Value="3"/>
      </Optimizations>
    </CodeGeneration>
    <Linking>
      <Debugging>
        <UseLineInfoUnit Value="False"/>
        <StripSymbols Value="True"/>
      </Debugging>
      <LinkSmart Value="True"/>
      <Options>
        <Win32>
          <GraphicApplication Value="True"/>
        </Win32>
      </Options>
    </Linking>
    <Other>
      <CompilerPath Value="$(CompPath)"/>
    </Other>
  </CompilerOptions>
  <Debugging>
    <Watches Count="7">
      <Item1>
        <Expression Value="BytesRead"/>
      </Item1>
      <Item2>
        <Expression Value="callback"/>
      </Item2>
      <Item3>
        <Expression Value="buff"/>
      </Item3>
      <Item4>
        <Expression Value="i"/>
      </Item4>
      <Item5>
        <Expression Value="buff[i]"/>
      </Item5>
      <Item6>
        <Expression Value="n"/>
      </Item6>
      <Item7>
        <Expression Value="parameter"/>
      </Item7>
    </Watches>
    <Exceptions Count="2">
      <Item1>
        <Name Value="ECodetoolError"/>
      </Item1>
      <Item2>
        <Name Value="EFOpenError"/>
      </Item2>
    </Exceptions>
  </Debugging>
</CONFIG>
